
Microsoft Visual Studio Solution File, Format Version 12.00
#
Project("{FAE04EC0-301F-11D3-BF4B-00C04F79EFBC}") = "App", "src\App\App.csproj", "{14E643B4-7494-4C92-B1ED-DB7C6123077E}"
EndProject
Project("{FAE04EC0-301F-11D3-BF4B-00C04F79EFBC}") = "Modules.Users.Domain", "src\Modules\Users\Modules.Users.Domain\Modules.Users.Domain.csproj", "{CC5B0C40-F8B7-499C-9C29-C0D9581D8C57}"
EndProject
Project("{FAE04EC0-301F-11D3-BF4B-00C04F79EFBC}") = "Modules.Users.Persistence", "src\Modules\Users\Modules.Users.Persistence\Modules.Users.Persistence.csproj", "{E88ED7C9-0BF4-451E-8323-C4D9162CB093}"
EndProject
Project("{FAE04EC0-301F-11D3-BF4B-00C04F79EFBC}") = "Modules.Users.Application", "src\Modules\Users\Modules.Users.Application\Modules.Users.Application.csproj", "{05DB9B04-F262-42C1-B703-3729ACAF1F1A}"
EndProject
Project("{FAE04EC0-301F-11D3-BF4B-00C04F79EFBC}") = "SharedKernel", "src\Common\SharedKernel\SharedKernel.csproj", "{BE0E4FEB-A795-4415-8F8C-D058959367F3}"
EndProject
Project("{FAE04EC0-301F-11D3-BF4B-00C04F79EFBC}") = "Modules.Users.Infrastructure", "src\Modules\Users\Modules.Users.Infrastructure\Modules.Users.Infrastructure.csproj", "{79B983E4-4392-444B-87F2-99FCB993A518}"
EndProject
Project("{FAE04EC0-301F-11D3-BF4B-00C04F79EFBC}") = "Modules.Users.Endpoints", "src\Modules\Users\Modules.Users.Endpoints\Modules.Users.Endpoints.csproj", "{FD00E993-4CAF-48E0-A4C6-314E57585517}"
EndProject
Project("{FAE04EC0-301F-11D3-BF4B-00C04F79EFBC}") = "Modules.Users.IntegrationEvents", "src\Modules\Users\Modules.Users.IntegrationEvents\Modules.Users.IntegrationEvents.csproj", "{D7F2A588-0BC0-43B2-9F99-32EBD8A6DCAB}"
EndProject
Project("{FAE04EC0-301F-11D3-BF4B-00C04F79EFBC}") = "Modules.Emails.Infrastructure", "src\Modules\Emails\Modules.Emails.Infrastructure\Modules.Emails.Infrastructure.csproj", "{35138322-C61D-4C2E-A9FF-6E5FA3A4F77A}"
EndProject
Project("{FAE04EC0-301F-11D3-BF4B-00C04F79EFBC}") = "Modules.Users.Application.UnitTests", "tests\Unit\Modules.Users.Application.UnitTests\Modules.Users.Application.UnitTests.csproj", "{974F2C39-87AD-4E4B-B028-C6D4E1173545}"
EndProject
Project("{FAE04EC0-301F-11D3-BF4B-00C04F79EFBC}") = "Modules.Posts.Persistence", "src\Modules\Posts\Modules.Posts.Persistence\Modules.Posts.Persistence.csproj", "{CCE5B24B-4E69-4B89-A17C-917912091590}"
EndProject
Project("{FAE04EC0-301F-11D3-BF4B-00C04F79EFBC}") = "Modules.Posts.Domain", "src\Modules\Posts\Modules.Posts.Domain\Modules.Posts.Domain.csproj", "{48F6C99A-EC06-49C8-8A91-BAC2C26C256D}"
EndProject
Project("{FAE04EC0-301F-11D3-BF4B-00C04F79EFBC}") = "Modules.Posts.IntegrationEvents", "src\Modules\Posts\Modules.Posts.IntegrationEvents\Modules.Posts.IntegrationEvents.csproj", "{3F5E8B92-D4A1-4C7F-B3E0-91A2D6C854F7}"
EndProject
Project("{FAE04EC0-301F-11D3-BF4B-00C04F79EFBC}") = "Modules.Posts.Infrastructure", "src\Modules\Posts\Modules.Posts.Infrastructure\Modules.Posts.Infrastructure.csproj", "{12C6ED08-5D94-4FFB-A529-1B48BD706A49}"
EndProject
Project("{FAE04EC0-301F-11D3-BF4B-00C04F79EFBC}") = "Modules.Posts.Application", "src\Modules\Posts\Modules.Posts.Application\Modules.Posts.Application.csproj", "{754223E2-3AA7-4760-844A-34A8BF06FA59}"
EndProject
Project("{FAE04EC0-301F-11D3-BF4B-00C04F79EFBC}") = "Modules.Posts.Endpoints", "src\Modules\Posts\Modules.Posts.Endpoints\Modules.Posts.Endpoints.csproj", "{A3F7F824-66D6-45E4-8A88-540403FFBC92}"
EndProject
Project("{FAE04EC0-301F-11D3-BF4B-00C04F79EFBC}") = "Modules.Posts.Domain.UnitTests", "tests\Unit\Modules.Posts.Domain.UnitTests\Modules.Posts.Domain.UnitTests.csproj", "{344097E7-7736-4197-9443-C1568CB563AE}"
EndProject
Project("{2150E333-8FDC-42A3-9474-1A3956D46DE8}") = "tests", "tests", "{57D41805-36E5-495C-98BE-26934E6AE846}"
EndProject
Project("{2150E333-8FDC-42A3-9474-1A3956D46DE8}") = "Unit", "Unit", "{51FFF0FA-CD4F-4ABD-8D66-7DEEF23B1EBC}"
EndProject
Project("{FAE04EC0-301F-11D3-BF4B-00C04F79EFBC}") = "Modules.Posts.Application.UnitTests", "tests\Unit\Modules.Posts.Application.UnitTests\Modules.Posts.Application.UnitTests.csproj", "{1DA64844-0E8D-4B82-A202-039F3C62D1DF}"
EndProject
Project("{FAE04EC0-301F-11D3-BF4B-00C04F79EFBC}") = "Modules.Notifications.Domain", "src\Modules\Notifications\Modules.Notifications.Domain\Modules.Notifications.Domain.csproj", "{D1DD134C-0111-4EE4-94FB-D3F587C39764}"
EndProject
Project("{FAE04EC0-301F-11D3-BF4B-00C04F79EFBC}") = "Modules.Notifications.Persistence", "src\Modules\Notifications\Modules.Notifications.Persistence\Modules.Notifications.Persistence.csproj", "{8BBAB72F-EE05-46AA-AF7E-9D4FC22A441D}"
EndProject
Project("{FAE04EC0-301F-11D3-BF4B-00C04F79EFBC}") = "Modules.Notifications.Infrastructure", "src\Modules\Notifications\Modules.Notifications.Infrastructure\Modules.Notifications.Infrastructure.csproj", "{5A683CEC-4D5C-459C-90E7-02DC865ACE33}"
EndProject
Project("{FAE04EC0-301F-11D3-BF4B-00C04F79EFBC}") = "Modules.Notifications.Application", "src\Modules\Notifications\Modules.Notifications.Application\Modules.Notifications.Application.csproj", "{74A3B4FF-6BF5-4191-99FC-798E23F3D8DA}"
EndProject
Project("{FAE04EC0-301F-11D3-BF4B-00C04F79EFBC}") = "Modules.Notifications.Endpoints", "src\Modules\Notifications\Modules.Notifications.Endpoints\Modules.Notifications.Endpoints.csproj", "{A9C1D2E3-F4B5-6789-ABCD-EF0123456789}"
EndProject
Project("{FAE04EC0-301F-11D3-BF4B-00C04F79EFBC}") = "Modules.Notifications.IntegrationEvents", "src\Modules\Notifications\Modules.Notifications.IntegrationEvents\Modules.Notifications.IntegrationEvents.csproj", "{B0C2D3E4-F5A6-7890-BCDE-F01234567890}"
EndProject
Global
	GlobalSection(SolutionConfigurationPlatforms) = preSolution
		Debug|Any CPU = Debug|Any CPU
		Release|Any CPU = Release|Any CPU
	EndGlobalSection
	GlobalSection(ProjectConfigurationPlatforms) = postSolution
		{14E643B4-7494-4C92-B1ED-DB7C6123077E}.Debug|Any CPU.ActiveCfg = Debug|Any CPU
		{14E643B4-7494-4C92-B1ED-DB7C6123077E}.Debug|Any CPU.Build.0 = Debug|Any CPU
		{14E643B4-7494-4C92-B1ED-DB7C6123077E}.Release|Any CPU.ActiveCfg = Release|Any CPU
		{14E643B4-7494-4C92-B1ED-DB7C6123077E}.Release|Any CPU.Build.0 = Release|Any CPU
		{CC5B0C40-F8B7-499C-9C29-C0D9581D8C57}.Debug|Any CPU.ActiveCfg = Debug|Any CPU
		{CC5B0C40-F8B7-499C-9C29-C0D9581D8C57}.Debug|Any CPU.Build.0 = Debug|Any CPU
		{CC5B0C40-F8B7-499C-9C29-C0D9581D8C57}.Release|Any CPU.ActiveCfg = Release|Any CPU
		{CC5B0C40-F8B7-499C-9C29-C0D9581D8C57}.Release|Any CPU.Build.0 = Release|Any CPU
		{E88ED7C9-0BF4-451E-8323-C4D9162CB093}.Debug|Any CPU.ActiveCfg = Debug|Any CPU
		{E88ED7C9-0BF4-451E-8323-C4D9162CB093}.Debug|Any CPU.Build.0 = Debug|Any CPU
		{E88ED7C9-0BF4-451E-8323-C4D9162CB093}.Release|Any CPU.ActiveCfg = Release|Any CPU
		{E88ED7C9-0BF4-451E-8323-C4D9162CB093}.Release|Any CPU.Build.0 = Release|Any CPU
		{05DB9B04-F262-42C1-B703-3729ACAF1F1A}.Debug|Any CPU.ActiveCfg = Debug|Any CPU
		{05DB9B04-F262-42C1-B703-3729ACAF1F1A}.Debug|Any CPU.Build.0 = Debug|Any CPU
		{05DB9B04-F262-42C1-B703-3729ACAF1F1A}.Release|Any CPU.ActiveCfg = Release|Any CPU
		{05DB9B04-F262-42C1-B703-3729ACAF1F1A}.Release|Any CPU.Build.0 = Release|Any CPU
		{BE0E4FEB-A795-4415-8F8C-D058959367F3}.Debug|Any CPU.ActiveCfg = Debug|Any CPU
		{BE0E4FEB-A795-4415-8F8C-D058959367F3}.Debug|Any CPU.Build.0 = Debug|Any CPU
		{BE0E4FEB-A795-4415-8F8C-D058959367F3}.Release|Any CPU.ActiveCfg = Release|Any CPU
		{BE0E4FEB-A795-4415-8F8C-D058959367F3}.Release|Any CPU.Build.0 = Release|Any CPU
		{79B983E4-4392-444B-87F2-99FCB993A518}.Debug|Any CPU.ActiveCfg = Debug|Any CPU
		{79B983E4-4392-444B-87F2-99FCB993A518}.Debug|Any CPU.Build.0 = Debug|Any CPU
		{79B983E4-4392-444B-87F2-99FCB993A518}.Release|Any CPU.ActiveCfg = Release|Any CPU
		{79B983E4-4392-444B-87F2-99FCB993A518}.Release|Any CPU.Build.0 = Release|Any CPU
		{FD00E993-4CAF-48E0-A4C6-314E57585517}.Debug|Any CPU.ActiveCfg = Debug|Any CPU
		{FD00E993-4CAF-48E0-A4C6-314E57585517}.Debug|Any CPU.Build.0 = Debug|Any CPU
		{FD00E993-4CAF-48E0-A4C6-314E57585517}.Release|Any CPU.ActiveCfg = Release|Any CPU
		{FD00E993-4CAF-48E0-A4C6-314E57585517}.Release|Any CPU.Build.0 = Release|Any CPU
		{D7F2A588-0BC0-43B2-9F99-32EBD8A6DCAB}.Debug|Any CPU.ActiveCfg = Debug|Any CPU
		{D7F2A588-0BC0-43B2-9F99-32EBD8A6DCAB}.Debug|Any CPU.Build.0 = Debug|Any CPU
		{D7F2A588-0BC0-43B2-9F99-32EBD8A6DCAB}.Release|Any CPU.ActiveCfg = Release|Any CPU
		{D7F2A588-0BC0-43B2-9F99-32EBD8A6DCAB}.Release|Any CPU.Build.0 = Release|Any CPU
		{35138322-C61D-4C2E-A9FF-6E5FA3A4F77A}.Debug|Any CPU.ActiveCfg = Debug|Any CPU
		{35138322-C61D-4C2E-A9FF-6E5FA3A4F77A}.Debug|Any CPU.Build.0 = Debug|Any CPU
		{35138322-C61D-4C2E-A9FF-6E5FA3A4F77A}.Release|Any CPU.ActiveCfg = Release|Any CPU
		{35138322-C61D-4C2E-A9FF-6E5FA3A4F77A}.Release|Any CPU.Build.0 = Release|Any CPU
		{974F2C39-87AD-4E4B-B028-C6D4E1173545}.Debug|Any CPU.ActiveCfg = Debug|Any CPU
		{974F2C39-87AD-4E4B-B028-C6D4E1173545}.Debug|Any CPU.Build.0 = Debug|Any CPU
		{974F2C39-87AD-4E4B-B028-C6D4E1173545}.Release|Any CPU.ActiveCfg = Release|Any CPU
		{974F2C39-87AD-4E4B-B028-C6D4E1173545}.Release|Any CPU.Build.0 = Release|Any CPU
		{CCE5B24B-4E69-4B89-A17C-917912091590}.Debug|Any CPU.ActiveCfg = Debug|Any CPU
		{CCE5B24B-4E69-4B89-A17C-917912091590}.Debug|Any CPU.Build.0 = Debug|Any CPU
		{CCE5B24B-4E69-4B89-A17C-917912091590}.Release|Any CPU.ActiveCfg = Release|Any CPU
		{CCE5B24B-4E69-4B89-A17C-917912091590}.Release|Any CPU.Build.0 = Release|Any CPU
		{48F6C99A-EC06-49C8-8A91-BAC2C26C256D}.Debug|Any CPU.ActiveCfg = Debug|Any CPU
		{48F6C99A-EC06-49C8-8A91-BAC2C26C256D}.Debug|Any CPU.Build.0 = Debug|Any CPU
		{48F6C99A-EC06-49C8-8A91-BAC2C26C256D}.Release|Any CPU.ActiveCfg = Release|Any CPU
		{48F6C99A-EC06-49C8-8A91-BAC2C26C256D}.Release|Any CPU.Build.0 = Release|Any CPU
		{12C6ED08-5D94-4FFB-A529-1B48BD706A49}.Debug|Any CPU.ActiveCfg = Debug|Any CPU
		{12C6ED08-5D94-4FFB-A529-1B48BD706A49}.Debug|Any CPU.Build.0 = Debug|Any CPU
		{12C6ED08-5D94-4FFB-A529-1B48BD706A49}.Release|Any CPU.ActiveCfg = Release|Any CPU
		{12C6ED08-5D94-4FFB-A529-1B48BD706A49}.Release|Any CPU.Build.0 = Release|Any CPU
		{754223E2-3AA7-4760-844A-34A8BF06FA59}.Debug|Any CPU.ActiveCfg = Debug|Any CPU
		{754223E2-3AA7-4760-844A-34A8BF06FA59}.Debug|Any CPU.Build.0 = Debug|Any CPU
		{754223E2-3AA7-4760-844A-34A8BF06FA59}.Release|Any CPU.ActiveCfg = Release|Any CPU
		{754223E2-3AA7-4760-844A-34A8BF06FA59}.Release|Any CPU.Build.0 = Release|Any CPU
		{A3F7F824-66D6-45E4-8A88-540403FFBC92}.Debug|Any CPU.ActiveCfg = Debug|Any CPU
		{A3F7F824-66D6-45E4-8A88-540403FFBC92}.Debug|Any CPU.Build.0 = Debug|Any CPU
		{A3F7F824-66D6-45E4-8A88-540403FFBC92}.Release|Any CPU.ActiveCfg = Release|Any CPU
		{A3F7F824-66D6-45E4-8A88-540403FFBC92}.Release|Any CPU.Build.0 = Release|Any CPU
		{344097E7-7736-4197-9443-C1568CB563AE}.Debug|Any CPU.ActiveCfg = Debug|Any CPU
		{344097E7-7736-4197-9443-C1568CB563AE}.Debug|Any CPU.Build.0 = Debug|Any CPU
		{344097E7-7736-4197-9443-C1568CB563AE}.Release|Any CPU.ActiveCfg = Release|Any CPU
		{344097E7-7736-4197-9443-C1568CB563AE}.Release|Any CPU.Build.0 = Release|Any CPU
		{1DA64844-0E8D-4B82-A202-039F3C62D1DF}.Debug|Any CPU.ActiveCfg = Debug|Any CPU
		{1DA64844-0E8D-4B82-A202-039F3C62D1DF}.Debug|Any CPU.Build.0 = Debug|Any CPU
		{1DA64844-0E8D-4B82-A202-039F3C62D1DF}.Release|Any CPU.ActiveCfg = Release|Any CPU
		{1DA64844-0E8D-4B82-A202-039F3C62D1DF}.Release|Any CPU.Build.0 = Release|Any CPU
		{3F5E8B92-D4A1-4C7F-B3E0-91A2D6C854F7}.Debug|Any CPU.ActiveCfg = Debug|Any CPU
		{3F5E8B92-D4A1-4C7F-B3E0-91A2D6C854F7}.Debug|Any CPU.Build.0 = Debug|Any CPU
		{3F5E8B92-D4A1-4C7F-B3E0-91A2D6C854F7}.Release|Any CPU.ActiveCfg = Release|Any CPU
		{3F5E8B92-D4A1-4C7F-B3E0-91A2D6C854F7}.Release|Any CPU.Build.0 = Release|Any CPU
		{D1DD134C-0111-4EE4-94FB-D3F587C39764}.Debug|Any CPU.ActiveCfg = Debug|Any CPU
		{D1DD134C-0111-4EE4-94FB-D3F587C39764}.Debug|Any CPU.Build.0 = Debug|Any CPU
		{D1DD134C-0111-4EE4-94FB-D3F587C39764}.Release|Any CPU.ActiveCfg = Release|Any CPU
		{D1DD134C-0111-4EE4-94FB-D3F587C39764}.Release|Any CPU.Build.0 = Release|Any CPU
		{8BBAB72F-EE05-46AA-AF7E-9D4FC22A441D}.Debug|Any CPU.ActiveCfg = Debug|Any CPU
		{8BBAB72F-EE05-46AA-AF7E-9D4FC22A441D}.Debug|Any CPU.Build.0 = Debug|Any CPU
		{8BBAB72F-EE05-46AA-AF7E-9D4FC22A441D}.Release|Any CPU.ActiveCfg = Release|Any CPU
		{8BBAB72F-EE05-46AA-AF7E-9D4FC22A441D}.Release|Any CPU.Build.0 = Release|Any CPU
		{5A683CEC-4D5C-459C-90E7-02DC865ACE33}.Debug|Any CPU.ActiveCfg = Debug|Any CPU
		{5A683CEC-4D5C-459C-90E7-02DC865ACE33}.Debug|Any CPU.Build.0 = Debug|Any CPU
		{5A683CEC-4D5C-459C-90E7-02DC865ACE33}.Release|Any CPU.ActiveCfg = Release|Any CPU
		{5A683CEC-4D5C-459C-90E7-02DC865ACE33}.Release|Any CPU.Build.0 = Release|Any CPU
		{74A3B4FF-6BF5-4191-99FC-798E23F3D8DA}.Debug|Any CPU.ActiveCfg = Debug|Any CPU
		{74A3B4FF-6BF5-4191-99FC-798E23F3D8DA}.Debug|Any CPU.Build.0 = Debug|Any CPU
		{74A3B4FF-6BF5-4191-99FC-798E23F3D8DA}.Release|Any CPU.ActiveCfg = Release|Any CPU
		{74A3B4FF-6BF5-4191-99FC-798E23F3D8DA}.Release|Any CPU.Build.0 = Release|Any CPU
		{A9C1D2E3-F4B5-6789-ABCD-EF0123456789}.Debug|Any CPU.ActiveCfg = Debug|Any CPU
		{A9C1D2E3-F4B5-6789-ABCD-EF0123456789}.Debug|Any CPU.Build.0 = Debug|Any CPU
		{A9C1D2E3-F4B5-6789-ABCD-EF0123456789}.Release|Any CPU.ActiveCfg = Release|Any CPU
		{A9C1D2E3-F4B5-6789-ABCD-EF0123456789}.Release|Any CPU.Build.0 = Release|Any CPU
		{B0C2D3E4-F5A6-7890-BCDE-F01234567890}.Debug|Any CPU.ActiveCfg = Debug|Any CPU
		{B0C2D3E4-F5A6-7890-BCDE-F01234567890}.Debug|Any CPU.Build.0 = Debug|Any CPU
		{B0C2D3E4-F5A6-7890-BCDE-F01234567890}.Release|Any CPU.ActiveCfg = Release|Any CPU
		{B0C2D3E4-F5A6-7890-BCDE-F01234567890}.Release|Any CPU.Build.0 = Release|Any CPU
	EndGlobalSection
	GlobalSection(NestedProjects) = preSolution
		{51FFF0FA-CD4F-4ABD-8D66-7DEEF23B1EBC} = {57D41805-36E5-495C-98BE-26934E6AE846}
		{974F2C39-87AD-4E4B-B028-C6D4E1173545} = {51FFF0FA-CD4F-4ABD-8D66-7DEEF23B1EBC}
		{344097E7-7736-4197-9443-C1568CB563AE} = {51FFF0FA-CD4F-4ABD-8D66-7DEEF23B1EBC}
		{1DA64844-0E8D-4B82-A202-039F3C62D1DF} = {51FFF0FA-CD4F-4ABD-8D66-7DEEF23B1EBC}
	EndGlobalSection
EndGlobal
